<?xml version="1.0" encoding="utf-8"?>
<Project ToolsVersion="4.0" xmlns="http://schemas.microsoft.com/developer/msbuild/2003">
  <ItemGroup>
    <Filter Include="Source Files">
      <UniqueIdentifier>{4FC737F1-C7A5-4376-A066-2A32D752A2FF}</UniqueIdentifier>
      <Extensions>cpp;c;cc;cxx;def;odl;idl;hpj;bat;asm;asmx</Extensions>
    </Filter>
    <Filter Include="Resource Files">
      <UniqueIdentifier>{67DA6AB6-F800-4c08-8B7A-83BB121AAD01}</UniqueIdentifier>
      <Extensions>rc;ico;cur;bmp;dlg;rc2;rct;bin;rgs;gif;jpg;jpeg;jpe;resx;tiff;tif;png;wav;mfcribbon-ms</Extensions>
    </Filter>
  </ItemGroup>
  <ItemGroup>
    <ClCompile Include="main.cpp">
      <Filter>Source Files</Filter>
    </ClCompile>
    <ClCompile Include="VoidChat.cpp">
      <Filter>Source Files</Filter>
    </ClCompile>
    <ClCompile Include="AppEngine.cpp">
      <Filter>Source Files</Filter>
    </ClCompile>
    <ClCompile Include="ServerJoinState.cpp">
      <Filter>Source Files</Filter>
    </ClCompile>
    <ClCompile Include="Message.cpp">
      <Filter>Source Files</Filter>
    </ClCompile>
    <ClCompile Include="VisualMessage.cpp">
      <Filter>Source Files</Filter>
    </ClCompile>
    <ClCompile Include="InitialiseState.cpp">
      <Filter>Source Files</Filter>
    </ClCompile>
    <ClCompile Include="ChatState.cpp">
      <Filter>Source Files</Filter>
    </ClCompile>
  </ItemGroup>
  <ItemGroup>
    <Image Include="resource\textures\sendbutton.png">
      <Filter>Resource Files</Filter>
    </Image>
  </ItemGroup>
  <ItemGroup>
    <ClInclude Include="VoidChat.hpp">
      <Filter>Source Files</Filter>
    </ClInclude>
    <ClInclude Include="AppEngine.hpp">
      <Filter>Source Files</Filter>
    </ClInclude>
    <ClInclude Include="LoginState.hpp">
      <Filter>Source Files</Filter>
    </ClInclude>
    <ClInclude Include="ServerJoinState.hpp">
      <Filter>Source Files</Filter>
    </ClInclude>
    <ClInclude Include="VisualMessage.hpp">
      <Filter>Source Files</Filter>
    </ClInclude>
    <ClInclude Include="Message.hpp">
      <Filter>Source Files</Filter>
    </ClInclude>
    <ClInclude Include="AppState.hpp">
      <Filter>Source Files</Filter>
    </ClInclude>
    <ClInclude Include="InitialiseState.hpp">
      <Filter>Source Files</Filter>
    </ClInclude>
    <ClInclude Include="ChatState.hpp">
      <Filter>Source Files</Filter>
    </ClInclude>
  </ItemGroup>
</Project>